
Microsoft Visual Studio Solution File, Format Version 12.00
# Visual Studio Version 16
VisualStudioVersion = 25.0.1704.0
MinimumVisualStudioVersion = 10.0.40219.1
Project("{FAE04EC0-301F-11D3-BF4B-00C04F79EFBC}") = "ConsoleApp", "ConsoleApp\ConsoleApp.csproj", "{3B473204-7117-435C-8E46-5AD22B30FB5E}"
EndProject
Project("{2150E333-8FDC-42A3-9474-1A3956D46DE8}") = "Solution Items", "Solution Items", "{4980CC0C-8D14-4419-8C19-FF4799308AFE}"
	ProjectSection(SolutionItems) = preProject
		.editorconfig = .editorconfig
		README.md = README.md
	EndProjectSection
EndProject
Global
	GlobalSection(SolutionConfigurationPlatforms) = preSolution
		Debug|Any CPU = Debug|Any CPU
		Release|Any CPU = Release|Any CPU
	EndGlobalSection
	GlobalSection(ProjectConfigurationPlatforms) = postSolution
		{3B473204-7117-435C-8E46-5AD22B30FB5E}.Debug|Any CPU.ActiveCfg = Debug|Any CPU
		{3B473204-7117-435C-8E46-5AD22B30FB5E}.Debug|Any CPU.Build.0 = Debug|Any CPU
		{3B473204-7117-435C-8E46-5AD22B30FB5E}.Release|Any CPU.ActiveCfg = Release|Any CPU
		{3B473204-7117-435C-8E46-5AD22B30FB5E}.Release|Any CPU.Build.0 = Release|Any CPU
	EndGlobalSection
	GlobalSection(SolutionProperties) = preSolution
		HideSolutionNode = FALSE
	EndGlobalSection
	GlobalSection(ExtensibilityGlobals) = postSolution
		SolutionGuid = {90346E0B-83F6-4F05-8B4D-5C89018DCF13}
	EndGlobalSection
EndGlobal
